github.com/madhu72/lowcode/example v0.0.0-20210409134307-158e28646186 h1:YJVfr18X9eGtB//ecPDCVAfR0/j5CRc1twUHGMLwQo4=
github.com/madhu72/lowcode/example v0.0.0-20210409134307-158e28646186/go.mod h1:bbfbBpbGiVRZx21un5tNCge9HwPZGwVWPjW3doo3zh0=
github.com/madhu72/lowcode/service v0.0.0-20210409134307-158e28646186 h1:ZNRXjc1WP6SZeP1Rpvh0j3sE1TikNa8vwYxg/g3P3wk=
github.com/madhu72/lowcode/service v0.0.0-20210409134307-158e28646186/go.mod h1:77u19X6wYcKzYQ/QpK7zstFtn0pPbYznFkAC1mq7k7c=
